
Microsoft Visual Studio Solution File, Format Version 12.00
# Visual Studio Version 17
VisualStudioVersion = 17.11.35312.102
MinimumVisualStudioVersion = 10.0.40219.1
Project("{FAE04EC0-301F-11D3-BF4B-00C04F79EFBC}") = "TestingRestSharp", "TestingRestSharp\TestingRestSharp.csproj", "{E8DB55D1-63AD-4443-AFAE-2AED2C22E28C}"
EndProject
Global
	GlobalSection(SolutionConfigurationPlatforms) = preSolution
		Debug|Any CPU = Debug|Any CPU
		Release|Any CPU = Release|Any CPU
	EndGlobalSection
	GlobalSection(ProjectConfigurationPlatforms) = postSolution
		{E8DB55D1-63AD-4443-AFAE-2AED2C22E28C}.Debug|Any CPU.ActiveCfg = Debug|Any CPU
		{E8DB55D1-63AD-4443-AFAE-2AED2C22E28C}.Debug|Any CPU.Build.0 = Debug|Any CPU
		{E8DB55D1-63AD-4443-AFAE-2AED2C22E28C}.Release|Any CPU.ActiveCfg = Release|Any CPU
		{E8DB55D1-63AD-4443-AFAE-2AED2C22E28C}.Release|Any CPU.Build.0 = Release|Any CPU
	EndGlobalSection
	GlobalSection(SolutionProperties) = preSolution
		HideSolutionNode = FALSE
	EndGlobalSection
	GlobalSection(ExtensibilityGlobals) = postSolution
		SolutionGuid = {CB58FEAC-C842-4470-8E4C-BB2C094195C6}
	EndGlobalSection
EndGlobal
